
Microsoft Visual Studio Solution File, Format Version 12.00
# Visual Studio Version 17
VisualStudioVersion = 17.9.34728.123
MinimumVisualStudioVersion = 10.0.40219.1
Project("{FAE04EC0-301F-11D3-BF4B-00C04F79EFBC}") = "EMS", "EMS\EMS.csproj", "{515B768E-5E4E-4BA2-A4B0-9206545A956B}"
EndProject
Global
	GlobalSection(SolutionConfigurationPlatforms) = preSolution
		Debug|Any CPU = Debug|Any CPU
		Release|Any CPU = Release|Any CPU
	EndGlobalSection
	GlobalSection(ProjectConfigurationPlatforms) = postSolution
		{515B768E-5E4E-4BA2-A4B0-9206545A956B}.Debug|Any CPU.ActiveCfg = Debug|Any CPU
		{515B768E-5E4E-4BA2-A4B0-9206545A956B}.Debug|Any CPU.Build.0 = Debug|Any CPU
		{515B768E-5E4E-4BA2-A4B0-9206545A956B}.Release|Any CPU.ActiveCfg = Release|Any CPU
		{515B768E-5E4E-4BA2-A4B0-9206545A956B}.Release|Any CPU.Build.0 = Release|Any CPU
	EndGlobalSection
	GlobalSection(SolutionProperties) = preSolution
		HideSolutionNode = FALSE
	EndGlobalSection
	GlobalSection(ExtensibilityGlobals) = postSolution
		SolutionGuid = {937AF6DB-82DD-4033-8402-FBACE3FD01EB}
	EndGlobalSection
EndGlobal
